
Microsoft Visual Studio Solution File, Format Version 12.00
# Visual Studio Version 16
VisualStudioVersion = 16.0.30621.155
MinimumVisualStudioVersion = 10.0.40219.1
Project("{FAE04EC0-301F-11D3-BF4B-00C04F79EFBC}") = "FK域名监测工具", "FK域名检测工具\FK域名监测工具.csproj", "{D9B9640A-7427-4A98-84D6-0AD5AE376C8D}"
EndProject
Project("{FAE04EC0-301F-11D3-BF4B-00C04F79EFBC}") = "FK域名监测工具管理器", "FK域名检测工具管理器\FK域名监测工具管理器.csproj", "{8BE725D8-DE69-4CD2-A6F1-8A53A80EC711}"
EndProject
Project("{FAE04EC0-301F-11D3-BF4B-00C04F79EFBC}") = "FK测试工具", "FK测试工具\FK测试工具.csproj", "{44051350-3DCC-41CD-ADE1-A2AD543368CC}"
EndProject
Global
	GlobalSection(SolutionConfigurationPlatforms) = preSolution
		Debug|Any CPU = Debug|Any CPU
		Release|Any CPU = Release|Any CPU
	EndGlobalSection
	GlobalSection(ProjectConfigurationPlatforms) = postSolution
		{D9B9640A-7427-4A98-84D6-0AD5AE376C8D}.Debug|Any CPU.ActiveCfg = Debug|Any CPU
		{D9B9640A-7427-4A98-84D6-0AD5AE376C8D}.Debug|Any CPU.Build.0 = Debug|Any CPU
		{D9B9640A-7427-4A98-84D6-0AD5AE376C8D}.Release|Any CPU.ActiveCfg = Release|Any CPU
		{D9B9640A-7427-4A98-84D6-0AD5AE376C8D}.Release|Any CPU.Build.0 = Release|Any CPU
		{8BE725D8-DE69-4CD2-A6F1-8A53A80EC711}.Debug|Any CPU.ActiveCfg = Debug|Any CPU
		{8BE725D8-DE69-4CD2-A6F1-8A53A80EC711}.Debug|Any CPU.Build.0 = Debug|Any CPU
		{8BE725D8-DE69-4CD2-A6F1-8A53A80EC711}.Release|Any CPU.ActiveCfg = Release|Any CPU
		{8BE725D8-DE69-4CD2-A6F1-8A53A80EC711}.Release|Any CPU.Build.0 = Release|Any CPU
		{44051350-3DCC-41CD-ADE1-A2AD543368CC}.Debug|Any CPU.ActiveCfg = Debug|Any CPU
		{44051350-3DCC-41CD-ADE1-A2AD543368CC}.Debug|Any CPU.Build.0 = Debug|Any CPU
		{44051350-3DCC-41CD-ADE1-A2AD543368CC}.Release|Any CPU.ActiveCfg = Release|Any CPU
		{44051350-3DCC-41CD-ADE1-A2AD543368CC}.Release|Any CPU.Build.0 = Release|Any CPU
	EndGlobalSection
	GlobalSection(SolutionProperties) = preSolution
		HideSolutionNode = FALSE
	EndGlobalSection
	GlobalSection(ExtensibilityGlobals) = postSolution
		SolutionGuid = {A1FC067C-88D9-4FF8-91B7-C5AE185BF92A}
	EndGlobalSection
EndGlobal
