
Microsoft Visual Studio Solution File, Format Version 12.00
# Visual Studio Version 16
VisualStudioVersion = 16.0.30621.155
MinimumVisualStudioVersion = 10.0.40219.1
Project("{FAE04EC0-301F-11D3-BF4B-00C04F79EFBC}") = "FK测试工具", "FK测试工具.csproj", "{44051350-3DCC-41CD-ADE1-A2AD543368CC}"
EndProject
Global
	GlobalSection(SolutionConfigurationPlatforms) = preSolution
		Debug|Any CPU = Debug|Any CPU
		Release|Any CPU = Release|Any CPU
	EndGlobalSection
	GlobalSection(ProjectConfigurationPlatforms) = postSolution
		{44051350-3DCC-41CD-ADE1-A2AD543368CC}.Debug|Any CPU.ActiveCfg = Debug|Any CPU
		{44051350-3DCC-41CD-ADE1-A2AD543368CC}.Debug|Any CPU.Build.0 = Debug|Any CPU
		{44051350-3DCC-41CD-ADE1-A2AD543368CC}.Release|Any CPU.ActiveCfg = Release|Any CPU
		{44051350-3DCC-41CD-ADE1-A2AD543368CC}.Release|Any CPU.Build.0 = Release|Any CPU
	EndGlobalSection
	GlobalSection(SolutionProperties) = preSolution
		HideSolutionNode = FALSE
	EndGlobalSection
	GlobalSection(ExtensibilityGlobals) = postSolution
		SolutionGuid = {7B8F27C2-0758-4257-ADB5-9F0F5810E2F3}
	EndGlobalSection
EndGlobal
